
Microsoft Visual Studio Solution File, Format Version 12.00
# Visual Studio 15
VisualStudioVersion = 15.0.28307.1209
MinimumVisualStudioVersion = 10.0.40219.1
Project("{FAE04EC0-301F-11D3-BF4B-00C04F79EFBC}") = "基于arduinoDue的原神硬件脚本控制", "基于arduinoDue的原神硬件脚本控制\基于arduinoDue的原神硬件脚本控制.csproj", "{42493969-6D03-4A92-8FD2-51B34ABB9150}"
EndProject
Global
	GlobalSection(SolutionConfigurationPlatforms) = preSolution
		Debug|Any CPU = Debug|Any CPU
		Release|Any CPU = Release|Any CPU
	EndGlobalSection
	GlobalSection(ProjectConfigurationPlatforms) = postSolution
		{42493969-6D03-4A92-8FD2-51B34ABB9150}.Debug|Any CPU.ActiveCfg = Debug|Any CPU
		{42493969-6D03-4A92-8FD2-51B34ABB9150}.Debug|Any CPU.Build.0 = Debug|Any CPU
		{42493969-6D03-4A92-8FD2-51B34ABB9150}.Release|Any CPU.ActiveCfg = Release|Any CPU
		{42493969-6D03-4A92-8FD2-51B34ABB9150}.Release|Any CPU.Build.0 = Release|Any CPU
	EndGlobalSection
	GlobalSection(SolutionProperties) = preSolution
		HideSolutionNode = FALSE
	EndGlobalSection
	GlobalSection(ExtensibilityGlobals) = postSolution
		SolutionGuid = {E213B343-5638-4E39-BC64-E297E84FF4D3}
	EndGlobalSection
EndGlobal
